// !$*UTF8*$!
{
	archiveVersion = 1;
	classes = {
	};
	objectVersion = 56;
	objects = {

/* Begin PBXBuildFile section */
		728A3B2E29A8461200B6AF75 /* AppDelegate.swift in Sources */ = {isa = PBXBuildFile; fileRef = 728A3B2D29A8461200B6AF75 /* AppDelegate.swift */; };
		728A3B3029A8461200B6AF75 /* SceneDelegate.swift in Sources */ = {isa = PBXBuildFile; fileRef = 728A3B2F29A8461200B6AF75 /* SceneDelegate.swift */; };
		728A3B3229A8461200B6AF75 /* ViewController.swift in Sources */ = {isa = PBXBuildFile; fileRef = 728A3B3129A8461200B6AF75 /* ViewController.swift */; };
		728A3B3529A8461200B6AF75 /* Main.storyboard in Resources */ = {isa = PBXBuildFile; fileRef = 728A3B3329A8461200B6AF75 /* Main.storyboard */; };
		728A3B3729A8461400B6AF75 /* Assets.xcassets in Resources */ = {isa = PBXBuildFile; fileRef = 728A3B3629A8461400B6AF75 /* Assets.xcassets */; };
		728A3B3A29A8461400B6AF75 /* LaunchScreen.storyboard in Resources */ = {isa = PBXBuildFile; fileRef = 728A3B3829A8461400B6AF75 /* LaunchScreen.storyboard */; };
		728A3B4529A8461400B6AF75 /* odekakekozameTests.swift in Sources */ = {isa = PBXBuildFile; fileRef = 728A3B4429A8461400B6AF75 /* odekakekozameTests.swift */; };
		728A3B4F29A8461400B6AF75 /* odekakekozameUITests.swift in Sources */ = {isa = PBXBuildFile; fileRef = 728A3B4E29A8461400B6AF75 /* odekakekozameUITests.swift */; };
		728A3B5129A8461400B6AF75 /* odekakekozameUITestsLaunchTests.swift in Sources */ = {isa = PBXBuildFile; fileRef = 728A3B5029A8461400B6AF75 /* odekakekozameUITestsLaunchTests.swift */; };
		728D736E29AF27A200469C9E /* FirebaseAuth in Frameworks */ = {isa = PBXBuildFile; productRef = 728D736D29AF27A200469C9E /* FirebaseAuth */; };
		728D737029AF27A200469C9E /* FirebaseAuthCombine-Community in Frameworks */ = {isa = PBXBuildFile; productRef = 728D736F29AF27A200469C9E /* FirebaseAuthCombine-Community */; };
		728D737229AF27A200469C9E /* FirebaseFirestore in Frameworks */ = {isa = PBXBuildFile; productRef = 728D737129AF27A200469C9E /* FirebaseFirestore */; };
		728D737429AF27A200469C9E /* FirebaseFirestoreCombine-Community in Frameworks */ = {isa = PBXBuildFile; productRef = 728D737329AF27A200469C9E /* FirebaseFirestoreCombine-Community */; };
		728D737629AF27A200469C9E /* FirebaseFirestoreSwift in Frameworks */ = {isa = PBXBuildFile; productRef = 728D737529AF27A200469C9E /* FirebaseFirestoreSwift */; };
		728D737829AF27A200469C9E /* FirebaseStorage in Frameworks */ = {isa = PBXBuildFile; productRef = 728D737729AF27A200469C9E /* FirebaseStorage */; };
		728D737A29AF27A200469C9E /* FirebaseStorageCombine-Community in Frameworks */ = {isa = PBXBuildFile; productRef = 728D737929AF27A200469C9E /* FirebaseStorageCombine-Community */; };
		728D737C29AF280400469C9E /* GoogleService-Info.plist in Resources */ = {isa = PBXBuildFile; fileRef = 728D737B29AF280300469C9E /* GoogleService-Info.plist */; };
		728D737E29AF2A8700469C9E /* cameraViewController.swift in Sources */ = {isa = PBXBuildFile; fileRef = 728D737D29AF2A8700469C9E /* cameraViewController.swift */; };
/* End PBXBuildFile section */

/* Begin PBXContainerItemProxy section */
		728A3B4129A8461400B6AF75 /* PBXContainerItemProxy */ = {
			isa = PBXContainerItemProxy;
			containerPortal = 728A3B2229A8461200B6AF75 /* Project object */;
			proxyType = 1;
			remoteGlobalIDString = 728A3B2929A8461200B6AF75;
			remoteInfo = odekakekozame;
		};
		728A3B4B29A8461400B6AF75 /* PBXContainerItemProxy */ = {
			isa = PBXContainerItemProxy;
			containerPortal = 728A3B2229A8461200B6AF75 /* Project object */;
			proxyType = 1;
			remoteGlobalIDString = 728A3B2929A8461200B6AF75;
			remoteInfo = odekakekozame;
		};
/* End PBXContainerItemProxy section */

/* Begin PBXFileReference section */
		728A3B2A29A8461200B6AF75 /* odekakekozame.app */ = {isa = PBXFileReference; explicitFileType = wrapper.application; includeInIndex = 0; path = odekakekozame.app; sourceTree = BUILT_PRODUCTS_DIR; };
		728A3B2D29A8461200B6AF75 /* AppDelegate.swift */ = {isa = PBXFileReference; lastKnownFileType = sourcecode.swift; path = AppDelegate.swift; sourceTree = "<group>"; };
		728A3B2F29A8461200B6AF75 /* SceneDelegate.swift */ = {isa = PBXFileReference; lastKnownFileType = sourcecode.swift; path = SceneDelegate.swift; sourceTree = "<group>"; };
		728A3B3129A8461200B6AF75 /* ViewController.swift */ = {isa = PBXFileReference; lastKnownFileType = sourcecode.swift; path = ViewController.swift; sourceTree = "<group>"; };
		728A3B3429A8461200B6AF75 /* Base */ = {isa = PBXFileReference; lastKnownFileType = file.storyboard; name = Base; path = Base.lproj/Main.storyboard; sourceTree = "<group>"; };
		728A3B3629A8461400B6AF75 /* Assets.xcassets */ = {isa = PBXFileReference; lastKnownFileType = folder.assetcatalog; path = Assets.xcassets; sourceTree = "<group>"; };
		728A3B3929A8461400B6AF75 /* Base */ = {isa = PBXFileReference; lastKnownFileType = file.storyboard; name = Base; path = Base.lproj/LaunchScreen.storyboard; sourceTree = "<group>"; };
		728A3B3B29A8461400B6AF75 /* Info.plist */ = {isa = PBXFileReference; lastKnownFileType = text.plist.xml; path = Info.plist; sourceTree = "<group>"; };
		728A3B4029A8461400B6AF75 /* odekakekozameTests.xctest */ = {isa = PBXFileReference; explicitFileType = wrapper.cfbundle; includeInIndex = 0; path = odekakekozameTests.xctest; sourceTree = BUILT_PRODUCTS_DIR; };
		728A3B4429A8461400B6AF75 /* odekakekozameTests.swift */ = {isa = PBXFileReference; lastKnownFileType = sourcecode.swift; path = odekakekozameTests.swift; sourceTree = "<group>"; };
		728A3B4A29A8461400B6AF75 /* odekakekozameUITests.xctest */ = {isa = PBXFileReference; explicitFileType = wrapper.cfbundle; includeInIndex = 0; path = odekakekozameUITests.xctest; sourceTree = BUILT_PRODUCTS_DIR; };
		728A3B4E29A8461400B6AF75 /* odekakekozameUITests.swift */ = {isa = PBXFileReference; lastKnownFileType = sourcecode.swift; path = odekakekozameUITests.swift; sourceTree = "<group>"; };
		728A3B5029A8461400B6AF75 /* odekakekozameUITestsLaunchTests.swift */ = {isa = PBXFileReference; lastKnownFileType = sourcecode.swift; path = odekakekozameUITestsLaunchTests.swift; sourceTree = "<group>"; };
		728D737B29AF280300469C9E /* GoogleService-Info.plist */ = {isa = PBXFileReference; fileEncoding = 4; lastKnownFileType = text.plist.xml; path = "GoogleService-Info.plist"; sourceTree = "<group>"; };
		728D737D29AF2A8700469C9E /* cameraViewController.swift */ = {isa = PBXFileReference; lastKnownFileType = sourcecode.swift; path = cameraViewController.swift; sourceTree = "<group>"; };
/* End PBXFileReference section */

/* Begin PBXFrameworksBuildPhase section */
		728A3B2729A8461200B6AF75 /* Frameworks */ = {
			isa = PBXFrameworksBuildPhase;
			buildActionMask = 2147483647;
			files = (
				728D737629AF27A200469C9E /* FirebaseFirestoreSwift in Frameworks */,
				728D737A29AF27A200469C9E /* FirebaseStorageCombine-Community in Frameworks */,
				728D736E29AF27A200469C9E /* FirebaseAuth in Frameworks */,
				728D737429AF27A200469C9E /* FirebaseFirestoreCombine-Community in Frameworks */,
				728D737029AF27A200469C9E /* FirebaseAuthCombine-Community in Frameworks */,
				728D737229AF27A200469C9E /* FirebaseFirestore in Frameworks */,
				728D737829AF27A200469C9E /* FirebaseStorage in Frameworks */,
			);
			runOnlyForDeploymentPostprocessing = 0;
		};
		728A3B3D29A8461400B6AF75 /* Frameworks */ = {
			isa = PBXFrameworksBuildPhase;
			buildActionMask = 2147483647;
			files = (
			);
			runOnlyForDeploymentPostprocessing = 0;
		};
		728A3B4729A8461400B6AF75 /* Frameworks */ = {
			isa = PBXFrameworksBuildPhase;
			buildActionMask = 2147483647;
			files = (
			);
			runOnlyForDeploymentPostprocessing = 0;
		};
/* End PBXFrameworksBuildPhase section */

/* Begin PBXGroup section */
		728A3B2129A8461200B6AF75 = {
			isa = PBXGroup;
			children = (
				728A3B2C29A8461200B6AF75 /* odekakekozame */,
				728A3B4329A8461400B6AF75 /* odekakekozameTests */,
				728A3B4D29A8461400B6AF75 /* odekakekozameUITests */,
				728A3B2B29A8461200B6AF75 /* Products */,
			);
			sourceTree = "<group>";
		};
		728A3B2B29A8461200B6AF75 /* Products */ = {
			isa = PBXGroup;
			children = (
				728A3B2A29A8461200B6AF75 /* odekakekozame.app */,
				728A3B4029A8461400B6AF75 /* odekakekozameTests.xctest */,
				728A3B4A29A8461400B6AF75 /* odekakekozameUITests.xctest */,
			);
			name = Products;
			sourceTree = "<group>";
		};
		728A3B2C29A8461200B6AF75 /* odekakekozame */ = {
			isa = PBXGroup;
			children = (
				728A3B2D29A8461200B6AF75 /* AppDelegate.swift */,
				728A3B2F29A8461200B6AF75 /* SceneDelegate.swift */,
				728A3B3129A8461200B6AF75 /* ViewController.swift */,
				728A3B3329A8461200B6AF75 /* Main.storyboard */,
				728A3B3629A8461400B6AF75 /* Assets.xcassets */,
				728A3B3829A8461400B6AF75 /* LaunchScreen.storyboard */,
				728A3B3B29A8461400B6AF75 /* Info.plist */,
				728D737B29AF280300469C9E /* GoogleService-Info.plist */,
				728D737D29AF2A8700469C9E /* cameraViewController.swift */,
			);
			path = odekakekozame;
			sourceTree = "<group>";
		};
		728A3B4329A8461400B6AF75 /* odekakekozameTests */ = {
			isa = PBXGroup;
			children = (
				728A3B4429A8461400B6AF75 /* odekakekozameTests.swift */,
			);
			path = odekakekozameTests;
			sourceTree = "<group>";
		};
		728A3B4D29A8461400B6AF75 /* odekakekozameUITests */ = {
			isa = PBXGroup;
			children = (
				728A3B4E29A8461400B6AF75 /* odekakekozameUITests.swift */,
				728A3B5029A8461400B6AF75 /* odekakekozameUITestsLaunchTests.swift */,
			);
			path = odekakekozameUITests;
			sourceTree = "<group>";
		};
/* End PBXGroup section */

/* Begin PBXNativeTarget section */
		728A3B2929A8461200B6AF75 /* odekakekozame */ = {
			isa = PBXNativeTarget;
			buildConfigurationList = 728A3B5429A8461400B6AF75 /* Build configuration list for PBXNativeTarget "odekakekozame" */;
			buildPhases = (
				728A3B2629A8461200B6AF75 /* Sources */,
				728A3B2729A8461200B6AF75 /* Frameworks */,
				728A3B2829A8461200B6AF75 /* Resources */,
			);
			buildRules = (
			);
			dependencies = (
			);
			name = odekakekozame;
			packageProductDependencies = (
				728D736D29AF27A200469C9E /* FirebaseAuth */,
				728D736F29AF27A200469C9E /* FirebaseAuthCombine-Community */,
				728D737129AF27A200469C9E /* FirebaseFirestore */,
				728D737329AF27A200469C9E /* FirebaseFirestoreCombine-Community */,
				728D737529AF27A200469C9E /* FirebaseFirestoreSwift */,
				728D737729AF27A200469C9E /* FirebaseStorage */,
				728D737929AF27A200469C9E /* FirebaseStorageCombine-Community */,
			);
			productName = odekakekozame;
			productReference = 728A3B2A29A8461200B6AF75 /* odekakekozame.app */;
			productType = "com.apple.product-type.application";
		};
		728A3B3F29A8461400B6AF75 /* odekakekozameTests */ = {
			isa = PBXNativeTarget;
			buildConfigurationList = 728A3B5729A8461400B6AF75 /* Build configuration list for PBXNativeTarget "odekakekozameTests" */;
			buildPhases = (
				728A3B3C29A8461400B6AF75 /* Sources */,
				728A3B3D29A8461400B6AF75 /* Frameworks */,
				728A3B3E29A8461400B6AF75 /* Resources */,
			);
			buildRules = (
			);
			dependencies = (
				728A3B4229A8461400B6AF75 /* PBXTargetDependency */,
			);
			name = odekakekozameTests;
			productName = odekakekozameTests;
			productReference = 728A3B4029A8461400B6AF75 /* odekakekozameTests.xctest */;
			productType = "com.apple.product-type.bundle.unit-test";
		};
		728A3B4929A8461400B6AF75 /* odekakekozameUITests */ = {
			isa = PBXNativeTarget;
			buildConfigurationList = 728A3B5A29A8461400B6AF75 /* Build configuration list for PBXNativeTarget "odekakekozameUITests" */;
			buildPhases = (
				728A3B4629A8461400B6AF75 /* Sources */,
				728A3B4729A8461400B6AF75 /* Frameworks */,
				728A3B4829A8461400B6AF75 /* Resources */,
			);
			buildRules = (
			);
			dependencies = (
				728A3B4C29A8461400B6AF75 /* PBXTargetDependency */,
			);
			name = odekakekozameUITests;
			productName = odekakekozameUITests;
			productReference = 728A3B4A29A8461400B6AF75 /* odekakekozameUITests.xctest */;
			productType = "com.apple.product-type.bundle.ui-testing";
		};
/* End PBXNativeTarget section */

/* Begin PBXProject section */
		728A3B2229A8461200B6AF75 /* Project object */ = {
			isa = PBXProject;
			attributes = {
				BuildIndependentTargetsInParallel = 1;
				LastSwiftUpdateCheck = 1420;
				LastUpgradeCheck = 1420;
				TargetAttributes = {
					728A3B2929A8461200B6AF75 = {
						CreatedOnToolsVersion = 14.2;
					};
					728A3B3F29A8461400B6AF75 = {
						CreatedOnToolsVersion = 14.2;
						TestTargetID = 728A3B2929A8461200B6AF75;
					};
					728A3B4929A8461400B6AF75 = {
						CreatedOnToolsVersion = 14.2;
						TestTargetID = 728A3B2929A8461200B6AF75;
					};
				};
			};
			buildConfigurationList = 728A3B2529A8461200B6AF75 /* Build configuration list for PBXProject "odekakekozame" */;
			compatibilityVersion = "Xcode 14.0";
			developmentRegion = en;
			hasScannedForEncodings = 0;
			knownRegions = (
				en,
				Base,
			);
			mainGroup = 728A3B2129A8461200B6AF75;
			packageReferences = (
				728D736C29AF27A200469C9E /* XCRemoteSwiftPackageReference "firebase-ios-sdk" */,
			);
			productRefGroup = 728A3B2B29A8461200B6AF75 /* Products */;
			projectDirPath = "";
			projectRoot = "";
			targets = (
				728A3B2929A8461200B6AF75 /* odekakekozame */,
				728A3B3F29A8461400B6AF75 /* odekakekozameTests */,
				728A3B4929A8461400B6AF75 /* odekakekozameUITests */,
			);
		};
/* End PBXProject section */

/* Begin PBXResourcesBuildPhase section */
		728A3B2829A8461200B6AF75 /* Resources */ = {
			isa = PBXResourcesBuildPhase;
			buildActionMask = 2147483647;
			files = (
				728A3B3A29A8461400B6AF75 /* LaunchScreen.storyboard in Resources */,
				728D737C29AF280400469C9E /* GoogleService-Info.plist in Resources */,
				728A3B3729A8461400B6AF75 /* Assets.xcassets in Resources */,
				728A3B3529A8461200B6AF75 /* Main.storyboard in Resources */,
			);
			runOnlyForDeploymentPostprocessing = 0;
		};
		728A3B3E29A8461400B6AF75 /* Resources */ = {
			isa = PBXResourcesBuildPhase;
			buildActionMask = 2147483647;
			files = (
			);
			runOnlyForDeploymentPostprocessing = 0;
		};
		728A3B4829A8461400B6AF75 /* Resources */ = {
			isa = PBXResourcesBuildPhase;
			buildActionMask = 2147483647;
			files = (
			);
			runOnlyForDeploymentPostprocessing = 0;
		};
/* End PBXResourcesBuildPhase section */

/* Begin PBXSourcesBuildPhase section */
		728A3B2629A8461200B6AF75 /* Sources */ = {
			isa = PBXSourcesBuildPhase;
			buildActionMask = 2147483647;
			files = (
				728A3B3229A8461200B6AF75 /* ViewController.swift in Sources */,
				728D737E29AF2A8700469C9E /* cameraViewController.swift in Sources */,
				728A3B2E29A8461200B6AF75 /* AppDelegate.swift in Sources */,
				728A3B3029A8461200B6AF75 /* SceneDelegate.swift in Sources */,
			);
			runOnlyForDeploymentPostprocessing = 0;
		};
		728A3B3C29A8461400B6AF75 /* Sources */ = {
			isa = PBXSourcesBuildPhase;
			buildActionMask = 2147483647;
			files = (
				728A3B4529A8461400B6AF75 /* odekakekozameTests.swift in Sources */,
			);
			runOnlyForDeploymentPostprocessing = 0;
		};
		728A3B4629A8461400B6AF75 /* Sources */ = {
			isa = PBXSourcesBuildPhase;
			buildActionMask = 2147483647;
			files = (
				728A3B5129A8461400B6AF75 /* odekakekozameUITestsLaunchTests.swift in Sources */,
				728A3B4F29A8461400B6AF75 /* odekakekozameUITests.swift in Sources */,
			);
			runOnlyForDeploymentPostprocessing = 0;
		};
/* End PBXSourcesBuildPhase section */

/* Begin PBXTargetDependency section */
		728A3B4229A8461400B6AF75 /* PBXTargetDependency */ = {
			isa = PBXTargetDependency;
			target = 728A3B2929A8461200B6AF75 /* odekakekozame */;
			targetProxy = 728A3B4129A8461400B6AF75 /* PBXContainerItemProxy */;
		};
		728A3B4C29A8461400B6AF75 /* PBXTargetDependency */ = {
			isa = PBXTargetDependency;
			target = 728A3B2929A8461200B6AF75 /* odekakekozame */;
			targetProxy = 728A3B4B29A8461400B6AF75 /* PBXContainerItemProxy */;
		};
/* End PBXTargetDependency section */

/* Begin PBXVariantGroup section */
		728A3B3329A8461200B6AF75 /* Main.storyboard */ = {
			isa = PBXVariantGroup;
			children = (
				728A3B3429A8461200B6AF75 /* Base */,
			);
			name = Main.storyboard;
			sourceTree = "<group>";
		};
		728A3B3829A8461400B6AF75 /* LaunchScreen.storyboard */ = {
			isa = PBXVariantGroup;
			children = (
				728A3B3929A8461400B6AF75 /* Base */,
			);
			name = LaunchScreen.storyboard;
			sourceTree = "<group>";
		};
/* End PBXVariantGroup section */

/* Begin XCBuildConfiguration section */
		728A3B5229A8461400B6AF75 /* Debug */ = {
			isa = XCBuildConfiguration;
			buildSettings = {
				ALWAYS_SEARCH_USER_PATHS = NO;
				CLANG_ANALYZER_NONNULL = YES;
				CLANG_ANALYZER_NUMBER_OBJECT_CONVERSION = YES_AGGRESSIVE;
				CLANG_CXX_LANGUAGE_STANDARD = "gnu++20";
				CLANG_ENABLE_MODULES = YES;
				CLANG_ENABLE_OBJC_ARC = YES;
				CLANG_ENABLE_OBJC_WEAK = YES;
				CLANG_WARN_BLOCK_CAPTURE_AUTORELEASING = YES;
				CLANG_WARN_BOOL_CONVERSION = YES;
				CLANG_WARN_COMMA = YES;
				CLANG_WARN_CONSTANT_CONVERSION = YES;
				CLANG_WARN_DEPRECATED_OBJC_IMPLEMENTATIONS = YES;
				CLANG_WARN_DIRECT_OBJC_ISA_USAGE = YES_ERROR;
				CLANG_WARN_DOCUMENTATION_COMMENTS = YES;
				CLANG_WARN_EMPTY_BODY = YES;
				CLANG_WARN_ENUM_CONVERSION = YES;
				CLANG_WARN_INFINITE_RECURSION = YES;
				CLANG_WARN_INT_CONVERSION = YES;
				CLANG_WARN_NON_LITERAL_NULL_CONVERSION = YES;
				CLANG_WARN_OBJC_IMPLICIT_RETAIN_SELF = YES;
				CLANG_WARN_OBJC_LITERAL_CONVERSION = YES;
				CLANG_WARN_OBJC_ROOT_CLASS = YES_ERROR;
				CLANG_WARN_QUOTED_INCLUDE_IN_FRAMEWORK_HEADER = YES;
				CLANG_WARN_RANGE_LOOP_ANALYSIS = YES;
				CLANG_WARN_STRICT_PROTOTYPES = YES;
				CLANG_WARN_SUSPICIOUS_MOVE = YES;
				CLANG_WARN_UNGUARDED_AVAILABILITY = YES_AGGRESSIVE;
				CLANG_WARN_UNREACHABLE_CODE = YES;
				CLANG_WARN__DUPLICATE_METHOD_MATCH = YES;
				COPY_PHASE_STRIP = NO;
				DEBUG_INFORMATION_FORMAT = dwarf;
				ENABLE_STRICT_OBJC_MSGSEND = YES;
				ENABLE_TESTABILITY = YES;
				GCC_C_LANGUAGE_STANDARD = gnu11;
				GCC_DYNAMIC_NO_PIC = NO;
				GCC_NO_COMMON_BLOCKS = YES;
				GCC_OPTIMIZATION_LEVEL = 0;
				GCC_PREPROCESSOR_DEFINITIONS = (
					"DEBUG=1",
					"$(inherited)",
				);
				GCC_WARN_64_TO_32_BIT_CONVERSION = YES;
				GCC_WARN_ABOUT_RETURN_TYPE = YES_ERROR;
				GCC_WARN_UNDECLARED_SELECTOR = YES;
				GCC_WARN_UNINITIALIZED_AUTOS = YES_AGGRESSIVE;
				GCC_WARN_UNUSED_FUNCTION = YES;
				GCC_WARN_UNUSED_VARIABLE = YES;
				IPHONEOS_DEPLOYMENT_TARGET = 14.0;
				MTL_ENABLE_DEBUG_INFO = INCLUDE_SOURCE;
				MTL_FAST_MATH = YES;
				ONLY_ACTIVE_ARCH = YES;
				SDKROOT = iphoneos;
				SWIFT_ACTIVE_COMPILATION_CONDITIONS = DEBUG;
				SWIFT_OPTIMIZATION_LEVEL = "-Onone";
			};
			name = Debug;
		};
		728A3B5329A8461400B6AF75 /* Release */ = {
			isa = XCBuildConfiguration;
			buildSettings = {
				ALWAYS_SEARCH_USER_PATHS = NO;
				CLANG_ANALYZER_NONNULL = YES;
				CLANG_ANALYZER_NUMBER_OBJECT_CONVERSION = YES_AGGRESSIVE;
				CLANG_CXX_LANGUAGE_STANDARD = "gnu++20";
				CLANG_ENABLE_MODULES = YES;
				CLANG_ENABLE_OBJC_ARC = YES;
				CLANG_ENABLE_OBJC_WEAK = YES;
				CLANG_WARN_BLOCK_CAPTURE_AUTORELEASING = YES;
				CLANG_WARN_BOOL_CONVERSION = YES;
				CLANG_WARN_COMMA = YES;
				CLANG_WARN_CONSTANT_CONVERSION = YES;
				CLANG_WARN_DEPRECATED_OBJC_IMPLEMENTATIONS = YES;
				CLANG_WARN_DIRECT_OBJC_ISA_USAGE = YES_ERROR;
				CLANG_WARN_DOCUMENTATION_COMMENTS = YES;
				CLANG_WARN_EMPTY_BODY = YES;
				CLANG_WARN_ENUM_CONVERSION = YES;
				CLANG_WARN_INFINITE_RECURSION = YES;
				CLANG_WARN_INT_CONVERSION = YES;
				CLANG_WARN_NON_LITERAL_NULL_CONVERSION = YES;
				CLANG_WARN_OBJC_IMPLICIT_RETAIN_SELF = YES;
				CLANG_WARN_OBJC_LITERAL_CONVERSION = YES;
				CLANG_WARN_OBJC_ROOT_CLASS = YES_ERROR;
				CLANG_WARN_QUOTED_INCLUDE_IN_FRAMEWORK_HEADER = YES;
				CLANG_WARN_RANGE_LOOP_ANALYSIS = YES;
				CLANG_WARN_STRICT_PROTOTYPES = YES;
				CLANG_WARN_SUSPICIOUS_MOVE = YES;
				CLANG_WARN_UNGUARDED_AVAILABILITY = YES_AGGRESSIVE;
				CLANG_WARN_UNREACHABLE_CODE = YES;
				CLANG_WARN__DUPLICATE_METHOD_MATCH = YES;
				COPY_PHASE_STRIP = NO;
				DEBUG_INFORMATION_FORMAT = "dwarf-with-dsym";
				ENABLE_NS_ASSERTIONS = NO;
				ENABLE_STRICT_OBJC_MSGSEND = YES;
				GCC_C_LANGUAGE_STANDARD = gnu11;
				GCC_NO_COMMON_BLOCKS = YES;
				GCC_WARN_64_TO_32_BIT_CONVERSION = YES;
				GCC_WARN_ABOUT_RETURN_TYPE = YES_ERROR;
				GCC_WARN_UNDECLARED_SELECTOR = YES;
				GCC_WARN_UNINITIALIZED_AUTOS = YES_AGGRESSIVE;
				GCC_WARN_UNUSED_FUNCTION = YES;
				GCC_WARN_UNUSED_VARIABLE = YES;
				IPHONEOS_DEPLOYMENT_TARGET = 14.0;
				MTL_ENABLE_DEBUG_INFO = NO;
				MTL_FAST_MATH = YES;
				SDKROOT = iphoneos;
				SWIFT_COMPILATION_MODE = wholemodule;
				SWIFT_OPTIMIZATION_LEVEL = "-O";
				VALIDATE_PRODUCT = YES;
			};
			name = Release;
		};
		728A3B5529A8461400B6AF75 /* Debug */ = {
			isa = XCBuildConfiguration;
			buildSettings = {
				ASSETCATALOG_COMPILER_APPICON_NAME = AppIcon;
				ASSETCATALOG_COMPILER_GLOBAL_ACCENT_COLOR_NAME = AccentColor;
				CODE_SIGN_STYLE = Automatic;
				CURRENT_PROJECT_VERSION = 1;
				DEVELOPMENT_TEAM = TVH687AC7F;
				GENERATE_INFOPLIST_FILE = YES;
				INFOPLIST_FILE = odekakekozame/Info.plist;
				INFOPLIST_KEY_CFBundleDisplayName = "思い出子ザメ";
				INFOPLIST_KEY_NSCameraUsageDescription = "カメラを使用するために許可が必要です。";
				INFOPLIST_KEY_NSPhotoLibraryAddUsageDescription = "編集した画像をフォトライブラリーに保存します";
				INFOPLIST_KEY_NSRemindersUsageDescription = "アプリ内で編集する画像をフォトライブラリーから呼び出します";
				INFOPLIST_KEY_UIApplicationSupportsIndirectInputEvents = YES;
				INFOPLIST_KEY_UILaunchStoryboardName = LaunchScreen;
				INFOPLIST_KEY_UIMainStoryboardFile = Main;
				INFOPLIST_KEY_UISupportedInterfaceOrientations_iPad = "UIInterfaceOrientationPortrait UIInterfaceOrientationPortraitUpsideDown UIInterfaceOrientationLandscapeLeft UIInterfaceOrientationLandscapeRight";
				INFOPLIST_KEY_UISupportedInterfaceOrientations_iPhone = "UIInterfaceOrientationPortrait UIInterfaceOrientationPortrait UIInterfaceOrientationPortrait";
				IPHONEOS_DEPLOYMENT_TARGET = 15.0;
				LD_RUNPATH_SEARCH_PATHS = (
					"$(inherited)",
					"@executable_path/Frameworks",
				);
				MARKETING_VERSION = 1.0;
				PRODUCT_BUNDLE_IDENTIFIER = com.hosonuma.sakki.omoidekozame;
				PRODUCT_NAME = "$(TARGET_NAME)";
				SUPPORTED_PLATFORMS = "iphoneos iphonesimulator";
				SUPPORTS_MACCATALYST = NO;
				SUPPORTS_MAC_DESIGNED_FOR_IPHONE_IPAD = YES;
				SWIFT_EMIT_LOC_STRINGS = YES;
				SWIFT_VERSION = 5.0;
				TARGETED_DEVICE_FAMILY = 1;
			};
			name = Debug;
		};
		728A3B5629A8461400B6AF75 /* Release */ = {
			isa = XCBuildConfiguration;
			buildSettings = {
				ASSETCATALOG_COMPILER_APPICON_NAME = AppIcon;
				ASSETCATALOG_COMPILER_GLOBAL_ACCENT_COLOR_NAME = AccentColor;
				CODE_SIGN_STYLE = Automatic;
				CURRENT_PROJECT_VERSION = 1;
				DEVELOPMENT_TEAM = TVH687AC7F;
				GENERATE_INFOPLIST_FILE = YES;
				INFOPLIST_FILE = odekakekozame/Info.plist;
				INFOPLIST_KEY_CFBundleDisplayName = "思い出子ザメ";
				INFOPLIST_KEY_NSCameraUsageDescription = "カメラを使用するために許可が必要です。";
				INFOPLIST_KEY_NSPhotoLibraryAddUsageDescription = "編集した画像をフォトライブラリーに保存します";
				INFOPLIST_KEY_NSRemindersUsageDescription = "アプリ内で編集する画像をフォトライブラリーから呼び出します";
				INFOPLIST_KEY_UIApplicationSupportsIndirectInputEvents = YES;
				INFOPLIST_KEY_UILaunchStoryboardName = LaunchScreen;
				INFOPLIST_KEY_UIMainStoryboardFile = Main;
				INFOPLIST_KEY_UISupportedInterfaceOrientations_iPad = "UIInterfaceOrientationPortrait UIInterfaceOrientationPortraitUpsideDown UIInterfaceOrientationLandscapeLeft UIInterfaceOrientationLandscapeRight";
				INFOPLIST_KEY_UISupportedInterfaceOrientations_iPhone = "UIInterfaceOrientationPortrait UIInterfaceOrientationPortrait UIInterfaceOrientationPortrait";
				IPHONEOS_DEPLOYMENT_TARGET = 15.0;
				LD_RUNPATH_SEARCH_PATHS = (
					"$(inherited)",
					"@executable_path/Frameworks",
				);
				MARKETING_VERSION = 1.0;
				PRODUCT_BUNDLE_IDENTIFIER = com.hosonuma.sakki.omoidekozame;
				PRODUCT_NAME = "$(TARGET_NAME)";
				SUPPORTED_PLATFORMS = "iphoneos iphonesimulator";
				SUPPORTS_MACCATALYST = NO;
				SUPPORTS_MAC_DESIGNED_FOR_IPHONE_IPAD = YES;
				SWIFT_EMIT_LOC_STRINGS = YES;
				SWIFT_VERSION = 5.0;
				TARGETED_DEVICE_FAMILY = 1;
			};
			name = Release;
		};
		728A3B5829A8461400B6AF75 /* Debug */ = {
			isa = XCBuildConfiguration;
			buildSettings = {
				ALWAYS_EMBED_SWIFT_STANDARD_LIBRARIES = YES;
				BUNDLE_LOADER = "$(TEST_HOST)";
				CODE_SIGN_STYLE = Automatic;
				CURRENT_PROJECT_VERSION = 1;
				GENERATE_INFOPLIST_FILE = YES;
				IPHONEOS_DEPLOYMENT_TARGET = 16.2;
				MARKETING_VERSION = 1.0;
				PRODUCT_BUNDLE_IDENTIFIER = com.hosonuma.sakki.odekakekozameTests;
				PRODUCT_NAME = "$(TARGET_NAME)";
				SWIFT_EMIT_LOC_STRINGS = NO;
				SWIFT_VERSION = 5.0;
				TARGETED_DEVICE_FAMILY = "1,2";
				TEST_HOST = "$(BUILT_PRODUCTS_DIR)/odekakekozame.app/$(BUNDLE_EXECUTABLE_FOLDER_PATH)/odekakekozame";
			};
			name = Debug;
		};
		728A3B5929A8461400B6AF75 /* Release */ = {
			isa = XCBuildConfiguration;
			buildSettings = {
				ALWAYS_EMBED_SWIFT_STANDARD_LIBRARIES = YES;
				BUNDLE_LOADER = "$(TEST_HOST)";
				CODE_SIGN_STYLE = Automatic;
				CURRENT_PROJECT_VERSION = 1;
				GENERATE_INFOPLIST_FILE = YES;
				IPHONEOS_DEPLOYMENT_TARGET = 16.2;
				MARKETING_VERSION = 1.0;
				PRODUCT_BUNDLE_IDENTIFIER = com.hosonuma.sakki.odekakekozameTests;
				PRODUCT_NAME = "$(TARGET_NAME)";
				SWIFT_EMIT_LOC_STRINGS = NO;
				SWIFT_VERSION = 5.0;
				TARGETED_DEVICE_FAMILY = "1,2";
				TEST_HOST = "$(BUILT_PRODUCTS_DIR)/odekakekozame.app/$(BUNDLE_EXECUTABLE_FOLDER_PATH)/odekakekozame";
			};
			name = Release;
		};
		728A3B5B29A8461400B6AF75 /* Debug */ = {
			isa = XCBuildConfiguration;
			buildSettings = {
				ALWAYS_EMBED_SWIFT_STANDARD_LIBRARIES = YES;
				CODE_SIGN_STYLE = Automatic;
				CURRENT_PROJECT_VERSION = 1;
				GENERATE_INFOPLIST_FILE = YES;
				MARKETING_VERSION = 1.0;
				PRODUCT_BUNDLE_IDENTIFIER = com.hosonuma.sakki.odekakekozameUITests;
				PRODUCT_NAME = "$(TARGET_NAME)";
				SWIFT_EMIT_LOC_STRINGS = NO;
				SWIFT_VERSION = 5.0;
				TARGETED_DEVICE_FAMILY = "1,2";
				TEST_TARGET_NAME = odekakekozame;
			};
			name = Debug;
		};
		728A3B5C29A8461400B6AF75 /* Release */ = {
			isa = XCBuildConfiguration;
			buildSettings = {
				ALWAYS_EMBED_SWIFT_STANDARD_LIBRARIES = YES;
				CODE_SIGN_STYLE = Automatic;
				CURRENT_PROJECT_VERSION = 1;
				GENERATE_INFOPLIST_FILE = YES;
				MARKETING_VERSION = 1.0;
				PRODUCT_BUNDLE_IDENTIFIER = com.hosonuma.sakki.odekakekozameUITests;
				PRODUCT_NAME = "$(TARGET_NAME)";
				SWIFT_EMIT_LOC_STRINGS = NO;
				SWIFT_VERSION = 5.0;
				TARGETED_DEVICE_FAMILY = "1,2";
				TEST_TARGET_NAME = odekakekozame;
			};
			name = Release;
		};
/* End XCBuildConfiguration section */

/* Begin XCConfigurationList section */
		728A3B2529A8461200B6AF75 /* Build configuration list for PBXProject "odekakekozame" */ = {
			isa = XCConfigurationList;
			buildConfigurations = (
				728A3B5229A8461400B6AF75 /* Debug */,
				728A3B5329A8461400B6AF75 /* Release */,
			);
			defaultConfigurationIsVisible = 0;
			defaultConfigurationName = Release;
		};
		728A3B5429A8461400B6AF75 /* Build configuration list for PBXNativeTarget "odekakekozame" */ = {
			isa = XCConfigurationList;
			buildConfigurations = (
				728A3B5529A8461400B6AF75 /* Debug */,
				728A3B5629A8461400B6AF75 /* Release */,
			);
			defaultConfigurationIsVisible = 0;
			defaultConfigurationName = Release;
		};
		728A3B5729A8461400B6AF75 /* Build configuration list for PBXNativeTarget "odekakekozameTests" */ = {
			isa = XCConfigurationList;
			buildConfigurations = (
				728A3B5829A8461400B6AF75 /* Debug */,
				728A3B5929A8461400B6AF75 /* Release */,
			);
			defaultConfigurationIsVisible = 0;
			defaultConfigurationName = Release;
		};
		728A3B5A29A8461400B6AF75 /* Build configuration list for PBXNativeTarget "odekakekozameUITests" */ = {
			isa = XCConfigurationList;
			buildConfigurations = (
				728A3B5B29A8461400B6AF75 /* Debug */,
				728A3B5C29A8461400B6AF75 /* Release */,
			);
			defaultConfigurationIsVisible = 0;
			defaultConfigurationName = Release;
		};
/* End XCConfigurationList section */

/* Begin XCRemoteSwiftPackageReference section */
		728D736C29AF27A200469C9E /* XCRemoteSwiftPackageReference "firebase-ios-sdk" */ = {
			isa = XCRemoteSwiftPackageReference;
			repositoryURL = "https://github.com/firebase/firebase-ios-sdk";
			requirement = {
				branch = master;
				kind = branch;
			};
		};
/* End XCRemoteSwiftPackageReference section */

/* Begin XCSwiftPackageProductDependency section */
		728D736D29AF27A200469C9E /* FirebaseAuth */ = {
			isa = XCSwiftPackageProductDependency;
			package = 728D736C29AF27A200469C9E /* XCRemoteSwiftPackageReference "firebase-ios-sdk" */;
			productName = FirebaseAuth;
		};
		728D736F29AF27A200469C9E /* FirebaseAuthCombine-Community */ = {
			isa = XCSwiftPackageProductDependency;
			package = 728D736C29AF27A200469C9E /* XCRemoteSwiftPackageReference "firebase-ios-sdk" */;
			productName = "FirebaseAuthCombine-Community";
		};
		728D737129AF27A200469C9E /* FirebaseFirestore */ = {
			isa = XCSwiftPackageProductDependency;
			package = 728D736C29AF27A200469C9E /* XCRemoteSwiftPackageReference "firebase-ios-sdk" */;
			productName = FirebaseFirestore;
		};
		728D737329AF27A200469C9E /* FirebaseFirestoreCombine-Community */ = {
			isa = XCSwiftPackageProductDependency;
			package = 728D736C29AF27A200469C9E /* XCRemoteSwiftPackageReference "firebase-ios-sdk" */;
			productName = "FirebaseFirestoreCombine-Community";
		};
		728D737529AF27A200469C9E /* FirebaseFirestoreSwift */ = {
			isa = XCSwiftPackageProductDependency;
			package = 728D736C29AF27A200469C9E /* XCRemoteSwiftPackageReference "firebase-ios-sdk" */;
			productName = FirebaseFirestoreSwift;
		};
		728D737729AF27A200469C9E /* FirebaseStorage */ = {
			isa = XCSwiftPackageProductDependency;
			package = 728D736C29AF27A200469C9E /* XCRemoteSwiftPackageReference "firebase-ios-sdk" */;
			productName = FirebaseStorage;
		};
		728D737929AF27A200469C9E /* FirebaseStorageCombine-Community */ = {
			isa = XCSwiftPackageProductDependency;
			package = 728D736C29AF27A200469C9E /* XCRemoteSwiftPackageReference "firebase-ios-sdk" */;
			productName = "FirebaseStorageCombine-Community";
		};
/* End XCSwiftPackageProductDependency section */
	};
	rootObject = 728A3B2229A8461200B6AF75 /* Project object */;
}
